
Microsoft Visual Studio Solution File, Format Version 12.00
# Visual Studio 15
VisualStudioVersion = 15.0.26730.3
MinimumVisualStudioVersion = 10.0.40219.1
Project("{9A19103F-16F7-4668-BE54-9A1E7A4F7556}") = "Coinbin.net", "Coinbin.net\Coinbin.net.csproj", "{8B8E86DD-6E45-4352-A979-06A799EDBCB9}"
EndProject
Project("{FAE04EC0-301F-11D3-BF4B-00C04F79EFBC}") = "Coinbin.net.Test", "Coinbin.net.Test\Coinbin.net.Test.csproj", "{365C1C5F-473A-4250-870B-2A93EB551365}"
EndProject
Global
	GlobalSection(SolutionConfigurationPlatforms) = preSolution
		Debug|Any CPU = Debug|Any CPU
		Release|Any CPU = Release|Any CPU
	EndGlobalSection
	GlobalSection(ProjectConfigurationPlatforms) = postSolution
		{8B8E86DD-6E45-4352-A979-06A799EDBCB9}.Debug|Any CPU.ActiveCfg = Debug|Any CPU
		{8B8E86DD-6E45-4352-A979-06A799EDBCB9}.Debug|Any CPU.Build.0 = Debug|Any CPU
		{8B8E86DD-6E45-4352-A979-06A799EDBCB9}.Release|Any CPU.ActiveCfg = Release|Any CPU
		{8B8E86DD-6E45-4352-A979-06A799EDBCB9}.Release|Any CPU.Build.0 = Release|Any CPU
		{365C1C5F-473A-4250-870B-2A93EB551365}.Debug|Any CPU.ActiveCfg = Debug|Any CPU
		{365C1C5F-473A-4250-870B-2A93EB551365}.Debug|Any CPU.Build.0 = Debug|Any CPU
		{365C1C5F-473A-4250-870B-2A93EB551365}.Release|Any CPU.ActiveCfg = Release|Any CPU
		{365C1C5F-473A-4250-870B-2A93EB551365}.Release|Any CPU.Build.0 = Release|Any CPU
	EndGlobalSection
	GlobalSection(SolutionProperties) = preSolution
		HideSolutionNode = FALSE
	EndGlobalSection
	GlobalSection(ExtensibilityGlobals) = postSolution
		SolutionGuid = {7FF2CF88-44B2-47BE-A397-716F6DE26C9F}
	EndGlobalSection
EndGlobal
